Microsoft Visual Studio Solution File, Format Version 11.00
# Visual Studio 2008

Project("{D00588AE-5C5A-7BE2-4766-0C608BC4C3E7}") = "PCG project", "Assembly-CSharp.csproj", "{712B61BA-201C-7FBB-6BF0-9F4990DF287A}"
EndProject
Global
	GlobalSection(SolutionConfigurationPlatforms) = preSolution
		Debug|Any CPU = Debug|Any CPU
		Release|Any CPU = Release|Any CPU
	EndGlobalSection
	GlobalSection(ProjectConfigurationPlatforms) = postSolution
		{712B61BA-201C-7FBB-6BF0-9F4990DF287A}.Debug|Any CPU.ActiveCfg = Debug|Any CPU
		{712B61BA-201C-7FBB-6BF0-9F4990DF287A}.Debug|Any CPU.Build.0 = Debug|Any CPU
		{712B61BA-201C-7FBB-6BF0-9F4990DF287A}.Release|Any CPU.ActiveCfg = Release|Any CPU
		{712B61BA-201C-7FBB-6BF0-9F4990DF287A}.Release|Any CPU.Build.0 = Release|Any CPU
	EndGlobalSection
	GlobalSection(SolutionProperties) = preSolution
		HideSolutionNode = FALSE
	EndGlobalSection
	GlobalSection(MonoDevelopProperties) = preSolution
		StartupItem = Assembly-CSharp.csproj
	EndGlobalSection
EndGlobal
